
Microsoft Visual Studio Solution File, Format Version 12.00
# Visual Studio Version 17
VisualStudioVersion = 17.8.34330.188
MinimumVisualStudioVersion = 10.0.40219.1
Project("{9A19103F-16F7-4668-BE54-9A1E7A4F7556}") = "SZIN", "SZIN\SZIN.csproj", "{36C43E21-9AF0-47B9-A574-8223F60CDBF8}"
EndProject
Project("{FAE04EC0-301F-11D3-BF4B-00C04F79EFBC}") = "SimulatedAnneal", "SimulatedAnneal\SimulatedAnneal.csproj", "{7805C991-1F19-4D12-96A4-523473BD325C}"
EndProject
Project("{FAE04EC0-301F-11D3-BF4B-00C04F79EFBC}") = "NeighborProximity", "NeighborProximity\NeighborProximity.csproj", "{2AFAFDA0-5DDE-462E-8A15-9471FC83BE63}"
EndProject
Global
	GlobalSection(SolutionConfigurationPlatforms) = preSolution
		Debug|Any CPU = Debug|Any CPU
		Release|Any CPU = Release|Any CPU
	EndGlobalSection
	GlobalSection(ProjectConfigurationPlatforms) = postSolution
		{36C43E21-9AF0-47B9-A574-8223F60CDBF8}.Debug|Any CPU.ActiveCfg = Debug|Any CPU
		{36C43E21-9AF0-47B9-A574-8223F60CDBF8}.Debug|Any CPU.Build.0 = Debug|Any CPU
		{36C43E21-9AF0-47B9-A574-8223F60CDBF8}.Release|Any CPU.ActiveCfg = Release|Any CPU
		{36C43E21-9AF0-47B9-A574-8223F60CDBF8}.Release|Any CPU.Build.0 = Release|Any CPU
		{7805C991-1F19-4D12-96A4-523473BD325C}.Debug|Any CPU.ActiveCfg = Debug|Any CPU
		{7805C991-1F19-4D12-96A4-523473BD325C}.Debug|Any CPU.Build.0 = Debug|Any CPU
		{7805C991-1F19-4D12-96A4-523473BD325C}.Release|Any CPU.ActiveCfg = Release|Any CPU
		{7805C991-1F19-4D12-96A4-523473BD325C}.Release|Any CPU.Build.0 = Release|Any CPU
		{2AFAFDA0-5DDE-462E-8A15-9471FC83BE63}.Debug|Any CPU.ActiveCfg = Debug|Any CPU
		{2AFAFDA0-5DDE-462E-8A15-9471FC83BE63}.Debug|Any CPU.Build.0 = Debug|Any CPU
		{2AFAFDA0-5DDE-462E-8A15-9471FC83BE63}.Release|Any CPU.ActiveCfg = Release|Any CPU
		{2AFAFDA0-5DDE-462E-8A15-9471FC83BE63}.Release|Any CPU.Build.0 = Release|Any CPU
	EndGlobalSection
	GlobalSection(SolutionProperties) = preSolution
		HideSolutionNode = FALSE
	EndGlobalSection
	GlobalSection(ExtensibilityGlobals) = postSolution
		SolutionGuid = {3027A3E1-1523-4158-BBB6-29533758757C}
	EndGlobalSection
EndGlobal
